{"1.2.0",
[{<<"ssl_verify_fun">>,{pkg,<<"ssl_verify_fun">>,<<"1.1.7">>},1},
 {<<"tls_certificate_check">>,
  {pkg,<<"tls_certificate_check">>,<<"1.34.0">>},
  0}]}.
[
{pkg_hash,[
 {<<"ssl_verify_fun">>, <<"354C321CF377240C7B8716899E182CE4890C5938111A1296ADD3EC74CF1715DF">>},
 {<<"tls_certificate_check">>, <<"8B712D5804781F991C34619071ED1C1E2D45AC81393C202D7585D61F2839CE48">>}]},
{pkg_hash_ext,[
 {<<"ssl_verify_fun">>, <<"FE4C190E8F37401D30167C8C405EDA19469F34577987C76DDE613E838BBC67F8">>},
 {<<"tls_certificate_check">>, <<"C064F98D89D8019D9498227AA74B3E4115D30FFFF5C288CDC3D11B6EABE44F80">>}]}
].
