{"1.2.0",
[{<<"ssl_verify_fun">>,{pkg,<<"ssl_verify_fun">>,<<"1.1.7">>},1},
 {<<"tls_certificate_check">>,
  {pkg,<<"tls_certificate_check">>,<<"1.22.0">>},
  0}]}.
[
{pkg_hash,[
 {<<"ssl_verify_fun">>, <<"354C321CF377240C7B8716899E182CE4890C5938111A1296ADD3EC74CF1715DF">>},
 {<<"tls_certificate_check">>, <<"6C2E1310C0C8132584229F0B9BB8744A9BFC3F910375C1A4D76B8CC44BB8D893">>}]},
{pkg_hash_ext,[
 {<<"ssl_verify_fun">>, <<"FE4C190E8F37401D30167C8C405EDA19469F34577987C76DDE613E838BBC67F8">>},
 {<<"tls_certificate_check">>, <<"E94F2129866EA7E8879AF462BADCB21F9BEF87159F05AE7840DA5A1986F5F6BB">>}]}
].
